Microsoft Visual Studio Solution File, Format Version 12.00
# Visual Studio Version 17
VisualStudioVersion = 17.5.2.0
MinimumVisualStudioVersion = 10.0.40219.1
Project("{FAE04EC0-301F-11D3-BF4B-00C04F79EFBC}") = "apiTreino", "apiTreino.csproj", "{48A4E0E0-6FAA-F1B5-BA00-6C86FC3026E9}"
EndProject
Global
	GlobalSection(SolutionConfigurationPlatforms) = preSolution
		Debug|Any CPU = Debug|Any CPU
		Release|Any CPU = Release|Any CPU
	EndGlobalSection
	GlobalSection(ProjectConfigurationPlatforms) = postSolution
		{48A4E0E0-6FAA-F1B5-BA00-6C86FC3026E9}.Debug|Any CPU.ActiveCfg = Debug|Any CPU
		{48A4E0E0-6FAA-F1B5-BA00-6C86FC3026E9}.Debug|Any CPU.Build.0 = Debug|Any CPU
		{48A4E0E0-6FAA-F1B5-BA00-6C86FC3026E9}.Release|Any CPU.ActiveCfg = Release|Any CPU
		{48A4E0E0-6FAA-F1B5-BA00-6C86FC3026E9}.Release|Any CPU.Build.0 = Release|Any CPU
	EndGlobalSection
	GlobalSection(SolutionProperties) = preSolution
		HideSolutionNode = FALSE
	EndGlobalSection
	GlobalSection(ExtensibilityGlobals) = postSolution
		SolutionGuid = {C0C2FFAD-D675-4F9F-94EF-51B7CC3D6A2F}
	EndGlobalSection
EndGlobal
